
Microsoft Visual Studio Solution File, Format Version 12.00
# Visual Studio Version 17
VisualStudioVersion = 17.9.34622.214
MinimumVisualStudioVersion = 10.0.40219.1
Project("{FAE04EC0-301F-11D3-BF4B-00C04F79EFBC}") = "eleven", "eleven\eleven.csproj", "{2BDAD981-5395-4FB0-8910-FA8205D4E5CF}"
EndProject
Global
	GlobalSection(SolutionConfigurationPlatforms) = preSolution
		Debug|Any CPU = Debug|Any CPU
		Release|Any CPU = Release|Any CPU
	EndGlobalSection
	GlobalSection(ProjectConfigurationPlatforms) = postSolution
		{2BDAD981-5395-4FB0-8910-FA8205D4E5CF}.Debug|Any CPU.ActiveCfg = Debug|Any CPU
		{2BDAD981-5395-4FB0-8910-FA8205D4E5CF}.Debug|Any CPU.Build.0 = Debug|Any CPU
		{2BDAD981-5395-4FB0-8910-FA8205D4E5CF}.Release|Any CPU.ActiveCfg = Release|Any CPU
		{2BDAD981-5395-4FB0-8910-FA8205D4E5CF}.Release|Any CPU.Build.0 = Release|Any CPU
	EndGlobalSection
	GlobalSection(SolutionProperties) = preSolution
		HideSolutionNode = FALSE
	EndGlobalSection
	GlobalSection(ExtensibilityGlobals) = postSolution
		SolutionGuid = {4ED6E232-DFE9-4233-A3DA-F36124C3FE3B}
	EndGlobalSection
EndGlobal
